
Microsoft Visual Studio Solution File, Format Version 12.00
# Visual Studio Version 16
VisualStudioVersion = 16.0.29215.179
MinimumVisualStudioVersion = 10.0.40219.1
Project("{FAE04EC0-301F-11D3-BF4B-00C04F79EFBC}") = "lab14.Android", "lab14\lab14.Android\lab14.Android.csproj", "{C423C5B4-1302-4BAF-B3FE-C9ED0C5723FE}"
EndProject
Project("{FAE04EC0-301F-11D3-BF4B-00C04F79EFBC}") = "lab14.iOS", "lab14\lab14.iOS\lab14.iOS.csproj", "{8A0085A4-C2F2-4B5B-828F-9221543AC56F}"
EndProject
Project("{FAE04EC0-301F-11D3-BF4B-00C04F79EFBC}") = "lab14", "lab14\lab14\lab14.csproj", "{FD7863AF-2CE0-4770-9C39-7D55716032F2}"
EndProject
Global
	GlobalSection(SolutionConfigurationPlatforms) = preSolution
		Debug|Any CPU = Debug|Any CPU
		Debug|iPhone = Debug|iPhone
		Debug|iPhoneSimulator = Debug|iPhoneSimulator
		Release|Any CPU = Release|Any CPU
		Release|iPhone = Release|iPhone
		Release|iPhoneSimulator = Release|iPhoneSimulator
	EndGlobalSection
	GlobalSection(ProjectConfigurationPlatforms) = postSolution
		{C423C5B4-1302-4BAF-B3FE-C9ED0C5723FE}.Debug|Any CPU.ActiveCfg = Debug|Any CPU
		{C423C5B4-1302-4BAF-B3FE-C9ED0C5723FE}.Debug|Any CPU.Build.0 = Debug|Any CPU
		{C423C5B4-1302-4BAF-B3FE-C9ED0C5723FE}.Debug|Any CPU.Deploy.0 = Debug|Any CPU
		{C423C5B4-1302-4BAF-B3FE-C9ED0C5723FE}.Debug|iPhone.ActiveCfg = Debug|Any CPU
		{C423C5B4-1302-4BAF-B3FE-C9ED0C5723FE}.Debug|iPhone.Build.0 = Debug|Any CPU
		{C423C5B4-1302-4BAF-B3FE-C9ED0C5723FE}.Debug|iPhone.Deploy.0 = Debug|Any CPU
		{C423C5B4-1302-4BAF-B3FE-C9ED0C5723FE}.Debug|iPhoneSimulator.ActiveCfg = Debug|Any CPU
		{C423C5B4-1302-4BAF-B3FE-C9ED0C5723FE}.Debug|iPhoneSimulator.Build.0 = Debug|Any CPU
		{C423C5B4-1302-4BAF-B3FE-C9ED0C5723FE}.Debug|iPhoneSimulator.Deploy.0 = Debug|Any CPU
		{C423C5B4-1302-4BAF-B3FE-C9ED0C5723FE}.Release|Any CPU.ActiveCfg = Release|Any CPU
		{C423C5B4-1302-4BAF-B3FE-C9ED0C5723FE}.Release|Any CPU.Build.0 = Release|Any CPU
		{C423C5B4-1302-4BAF-B3FE-C9ED0C5723FE}.Release|Any CPU.Deploy.0 = Release|Any CPU
		{C423C5B4-1302-4BAF-B3FE-C9ED0C5723FE}.Release|iPhone.ActiveCfg = Release|Any CPU
		{C423C5B4-1302-4BAF-B3FE-C9ED0C5723FE}.Release|iPhone.Build.0 = Release|Any CPU
		{C423C5B4-1302-4BAF-B3FE-C9ED0C5723FE}.Release|iPhone.Deploy.0 = Release|Any CPU
		{C423C5B4-1302-4BAF-B3FE-C9ED0C5723FE}.Release|iPhoneSimulator.ActiveCfg = Release|Any CPU
		{C423C5B4-1302-4BAF-B3FE-C9ED0C5723FE}.Release|iPhoneSimulator.Build.0 = Release|Any CPU
		{C423C5B4-1302-4BAF-B3FE-C9ED0C5723FE}.Release|iPhoneSimulator.Deploy.0 = Release|Any CPU
		{8A0085A4-C2F2-4B5B-828F-9221543AC56F}.Debug|Any CPU.ActiveCfg = Debug|iPhoneSimulator
		{8A0085A4-C2F2-4B5B-828F-9221543AC56F}.Debug|Any CPU.Build.0 = Debug|iPhoneSimulator
		{8A0085A4-C2F2-4B5B-828F-9221543AC56F}.Debug|Any CPU.Deploy.0 = Debug|iPhoneSimulator
		{8A0085A4-C2F2-4B5B-828F-9221543AC56F}.Debug|iPhone.ActiveCfg = Debug|iPhone
		{8A0085A4-C2F2-4B5B-828F-9221543AC56F}.Debug|iPhone.Build.0 = Debug|iPhone
		{8A0085A4-C2F2-4B5B-828F-9221543AC56F}.Debug|iPhone.Deploy.0 = Debug|iPhone
		{8A0085A4-C2F2-4B5B-828F-9221543AC56F}.Debug|iPhoneSimulator.ActiveCfg = Debug|iPhoneSimulator
		{8A0085A4-C2F2-4B5B-828F-9221543AC56F}.Debug|iPhoneSimulator.Build.0 = Debug|iPhoneSimulator
		{8A0085A4-C2F2-4B5B-828F-9221543AC56F}.Debug|iPhoneSimulator.Deploy.0 = Debug|iPhoneSimulator
		{8A0085A4-C2F2-4B5B-828F-9221543AC56F}.Release|Any CPU.ActiveCfg = Release|iPhone
		{8A0085A4-C2F2-4B5B-828F-9221543AC56F}.Release|Any CPU.Build.0 = Release|iPhone
		{8A0085A4-C2F2-4B5B-828F-9221543AC56F}.Release|Any CPU.Deploy.0 = Release|iPhone
		{8A0085A4-C2F2-4B5B-828F-9221543AC56F}.Release|iPhone.ActiveCfg = Release|iPhone
		{8A0085A4-C2F2-4B5B-828F-9221543AC56F}.Release|iPhone.Build.0 = Release|iPhone
		{8A0085A4-C2F2-4B5B-828F-9221543AC56F}.Release|iPhone.Deploy.0 = Release|iPhone
		{8A0085A4-C2F2-4B5B-828F-9221543AC56F}.Release|iPhoneSimulator.ActiveCfg = Release|iPhoneSimulator
		{8A0085A4-C2F2-4B5B-828F-9221543AC56F}.Release|iPhoneSimulator.Build.0 = Release|iPhoneSimulator
		{8A0085A4-C2F2-4B5B-828F-9221543AC56F}.Release|iPhoneSimulator.Deploy.0 = Release|iPhoneSimulator
		{FD7863AF-2CE0-4770-9C39-7D55716032F2}.Debug|Any CPU.ActiveCfg = Debug|Any CPU
		{FD7863AF-2CE0-4770-9C39-7D55716032F2}.Debug|Any CPU.Build.0 = Debug|Any CPU
		{FD7863AF-2CE0-4770-9C39-7D55716032F2}.Debug|Any CPU.Deploy.0 = Debug|Any CPU
		{FD7863AF-2CE0-4770-9C39-7D55716032F2}.Debug|iPhone.ActiveCfg = Debug|Any CPU
		{FD7863AF-2CE0-4770-9C39-7D55716032F2}.Debug|iPhone.Build.0 = Debug|Any CPU
		{FD7863AF-2CE0-4770-9C39-7D55716032F2}.Debug|iPhone.Deploy.0 = Debug|Any CPU
		{FD7863AF-2CE0-4770-9C39-7D55716032F2}.Debug|iPhoneSimulator.ActiveCfg = Debug|Any CPU
		{FD7863AF-2CE0-4770-9C39-7D55716032F2}.Debug|iPhoneSimulator.Build.0 = Debug|Any CPU
		{FD7863AF-2CE0-4770-9C39-7D55716032F2}.Debug|iPhoneSimulator.Deploy.0 = Debug|Any CPU
		{FD7863AF-2CE0-4770-9C39-7D55716032F2}.Release|Any CPU.ActiveCfg = Release|Any CPU
		{FD7863AF-2CE0-4770-9C39-7D55716032F2}.Release|Any CPU.Build.0 = Release|Any CPU
		{FD7863AF-2CE0-4770-9C39-7D55716032F2}.Release|Any CPU.Deploy.0 = Release|Any CPU
		{FD7863AF-2CE0-4770-9C39-7D55716032F2}.Release|iPhone.ActiveCfg = Release|Any CPU
		{FD7863AF-2CE0-4770-9C39-7D55716032F2}.Release|iPhone.Build.0 = Release|Any CPU
		{FD7863AF-2CE0-4770-9C39-7D55716032F2}.Release|iPhone.Deploy.0 = Release|Any CPU
		{FD7863AF-2CE0-4770-9C39-7D55716032F2}.Release|iPhoneSimulator.ActiveCfg = Release|Any CPU
		{FD7863AF-2CE0-4770-9C39-7D55716032F2}.Release|iPhoneSimulator.Build.0 = Release|Any CPU
		{FD7863AF-2CE0-4770-9C39-7D55716032F2}.Release|iPhoneSimulator.Deploy.0 = Release|Any CPU
	EndGlobalSection
	GlobalSection(SolutionProperties) = preSolution
		HideSolutionNode = FALSE
	EndGlobalSection
	GlobalSection(ExtensibilityGlobals) = postSolution
		SolutionGuid = {AC47A520-D7E7-46A3-B332-49215FC6E45B}
	EndGlobalSection
EndGlobal
